
Microsoft Visual Studio Solution File, Format Version 12.00
# Visual Studio Version 17
VisualStudioVersion = 17.8.34330.188
MinimumVisualStudioVersion = 10.0.40219.1
Project("{9A19103F-16F7-4668-BE54-9A1E7A4F7556}") = "BusinessLayer", "BusinessLayer\BusinessLayer.csproj", "{FC6D1928-E0C3-4668-A109-9CF21AF5026B}"
EndProject
Project("{9A19103F-16F7-4668-BE54-9A1E7A4F7556}") = "ServiceLayer", "ServiceLayer\ServiceLayer.csproj", "{200EB5D3-DA08-4099-A049-66B9FDE4710B}"
EndProject
Project("{9A19103F-16F7-4668-BE54-9A1E7A4F7556}") = "OnlineDoctorProject", "OnlineDoctorProject\OnlineDoctorProject.csproj", "{1AF24486-ECC4-4D9D-965E-EF280501AFFF}"
EndProject
Project("{2150E333-8FDC-42A3-9474-1A3956D46DE8}") = "Solution Items", "Solution Items", "{C76B5025-346B-4D00-A6AF-B1B0EAB4EC2F}"
	ProjectSection(SolutionItems) = preProject
		Dockerfile.txt = Dockerfile.txt
	EndProjectSection
EndProject
Global
	GlobalSection(SolutionConfigurationPlatforms) = preSolution
		Debug|Any CPU = Debug|Any CPU
		Release|Any CPU = Release|Any CPU
	EndGlobalSection
	GlobalSection(ProjectConfigurationPlatforms) = postSolution
		{FC6D1928-E0C3-4668-A109-9CF21AF5026B}.Debug|Any CPU.ActiveCfg = Debug|Any CPU
		{FC6D1928-E0C3-4668-A109-9CF21AF5026B}.Debug|Any CPU.Build.0 = Debug|Any CPU
		{FC6D1928-E0C3-4668-A109-9CF21AF5026B}.Release|Any CPU.ActiveCfg = Release|Any CPU
		{FC6D1928-E0C3-4668-A109-9CF21AF5026B}.Release|Any CPU.Build.0 = Release|Any CPU
		{200EB5D3-DA08-4099-A049-66B9FDE4710B}.Debug|Any CPU.ActiveCfg = Debug|Any CPU
		{200EB5D3-DA08-4099-A049-66B9FDE4710B}.Debug|Any CPU.Build.0 = Debug|Any CPU
		{200EB5D3-DA08-4099-A049-66B9FDE4710B}.Release|Any CPU.ActiveCfg = Release|Any CPU
		{200EB5D3-DA08-4099-A049-66B9FDE4710B}.Release|Any CPU.Build.0 = Release|Any CPU
		{1AF24486-ECC4-4D9D-965E-EF280501AFFF}.Debug|Any CPU.ActiveCfg = Debug|Any CPU
		{1AF24486-ECC4-4D9D-965E-EF280501AFFF}.Debug|Any CPU.Build.0 = Debug|Any CPU
		{1AF24486-ECC4-4D9D-965E-EF280501AFFF}.Release|Any CPU.ActiveCfg = Release|Any CPU
		{1AF24486-ECC4-4D9D-965E-EF280501AFFF}.Release|Any CPU.Build.0 = Release|Any CPU
	EndGlobalSection
	GlobalSection(SolutionProperties) = preSolution
		HideSolutionNode = FALSE
	EndGlobalSection
	GlobalSection(ExtensibilityGlobals) = postSolution
		SolutionGuid = {C9BD9660-CEFE-402D-A1EB-95CFC240F4BA}
	EndGlobalSection
EndGlobal
